
Microsoft Visual Studio Solution File, Format Version 12.00
# Visual Studio Version 16
VisualStudioVersion = 16.0.31424.327
MinimumVisualStudioVersion = 10.0.40219.1
Project("{FAE04EC0-301F-11D3-BF4B-00C04F79EFBC}") = "Radial_BandUnB_noPX", "Radial_BandUnB_noPX\Radial_BandUnB_noPX.csproj", "{4B3091B8-A39C-4B51-AB46-BDADF5804121}"
EndProject
Global
	GlobalSection(SolutionConfigurationPlatforms) = preSolution
		Debug|Any CPU = Debug|Any CPU
		Release|Any CPU = Release|Any CPU
	EndGlobalSection
	GlobalSection(ProjectConfigurationPlatforms) = postSolution
		{4B3091B8-A39C-4B51-AB46-BDADF5804121}.Debug|Any CPU.ActiveCfg = Debug|Any CPU
		{4B3091B8-A39C-4B51-AB46-BDADF5804121}.Debug|Any CPU.Build.0 = Debug|Any CPU
		{4B3091B8-A39C-4B51-AB46-BDADF5804121}.Release|Any CPU.ActiveCfg = Release|Any CPU
		{4B3091B8-A39C-4B51-AB46-BDADF5804121}.Release|Any CPU.Build.0 = Release|Any CPU
	EndGlobalSection
	GlobalSection(SolutionProperties) = preSolution
		HideSolutionNode = FALSE
	EndGlobalSection
	GlobalSection(ExtensibilityGlobals) = postSolution
		SolutionGuid = {6DB73FC3-DF4D-4C50-ABF2-FCCB5B3F3B59}
	EndGlobalSection
EndGlobal
